// !$*UTF8*$!
{
	archiveVersion = 1;
	classes = {
	};
	objectVersion = 46;
	objects = {

/* Begin PBXBuildFile section */
		072021F8194200EC00F15769 /* Foundation.framework in Frameworks */ = {isa = PBXBuildFile; fileRef = 072021F7194200EC00F15769 /* Foundation.framework */; };
		072021FA194200EC00F15769 /* CoreGraphics.framework in Frameworks */ = {isa = PBXBuildFile; fileRef = 072021F9194200EC00F15769 /* CoreGraphics.framework */; };
		072021FC194200EC00F15769 /* UIKit.framework in Frameworks */ = {isa = PBXBuildFile; fileRef = 072021FB194200EC00F15769 /* UIKit.framework */; };
		07202202194200EC00F15769 /* InfoPlist.strings in Resources */ = {isa = PBXBuildFile; fileRef = 07202200194200EC00F15769 /* InfoPlist.strings */; };
		07202204194200EC00F15769 /* main.m in Sources */ = {isa = PBXBuildFile; fileRef = 07202203194200EC00F15769 /* main.m */; };
		07202208194200EC00F15769 /* AppDelegate.m in Sources */ = {isa = PBXBuildFile; fileRef = 07202207194200EC00F15769 /* AppDelegate.m */; };
		0720220B194200EC00F15769 /* Main.storyboard in Resources */ = {isa = PBXBuildFile; fileRef = 07202209194200EC00F15769 /* Main.storyboard */; };
		0720220E194200EC00F15769 /* ViewController.m in Sources */ = {isa = PBXBuildFile; fileRef = 0720220D194200EC00F15769 /* ViewController.m */; };
		07202210194200EC00F15769 /* Images.xcassets in Resources */ = {isa = PBXBuildFile; fileRef = 0720220F194200EC00F15769 /* Images.xcassets */; };
		07202217194200EC00F15769 /* XCTest.framework in Frameworks */ = {isa = PBXBuildFile; fileRef = 07202216194200EC00F15769 /* XCTest.framework */; };
		07202218194200EC00F15769 /* Foundation.framework in Frameworks */ = {isa = PBXBuildFile; fileRef = 072021F7194200EC00F15769 /* Foundation.framework */; };
		07202219194200EC00F15769 /* UIKit.framework in Frameworks */ = {isa = PBXBuildFile; fileRef = 072021FB194200EC00F15769 /* UIKit.framework */; };
		07202221194200EC00F15769 /* InfoPlist.strings in Resources */ = {isa = PBXBuildFile; fileRef = 0720221F194200EC00F15769 /* InfoPlist.strings */; };
		07202223194200EC00F15769 /* AlertMeTests.m in Sources */ = {isa = PBXBuildFile; fileRef = 07202222194200EC00F15769 /* AlertMeTests.m */; };
/* End PBXBuildFile section */

/* Begin PBXContainerItemProxy section */
		0720221A194200EC00F15769 /* PBXContainerItemProxy */ = {
			isa = PBXContainerItemProxy;
			containerPortal = 072021EC194200EC00F15769 /* Project object */;
			proxyType = 1;
			remoteGlobalIDString = 072021F3194200EC00F15769;
			remoteInfo = AlertMe;
		};
/* End PBXContainerItemProxy section */

/* Begin PBXFileReference section */
		072021F4194200EC00F15769 /* AlertMe.app */ = {isa = PBXFileReference; explicitFileType = wrapper.application; includeInIndex = 0; path = AlertMe.app; sourceTree = BUILT_PRODUCTS_DIR; };
		072021F7194200EC00F15769 /* Foundation.framework */ = {isa = PBXFileReference; lastKnownFileType = wrapper.framework; name = Foundation.framework; path = System/Library/Frameworks/Foundation.framework; sourceTree = SDKROOT; };
		072021F9194200EC00F15769 /* CoreGraphics.framework */ = {isa = PBXFileReference; lastKnownFileType = wrapper.framework; name = CoreGraphics.framework; path = System/Library/Frameworks/CoreGraphics.framework; sourceTree = SDKROOT; };
		072021FB194200EC00F15769 /* UIKit.framework */ = {isa = PBXFileReference; lastKnownFileType = wrapper.framework; name = UIKit.framework; path = System/Library/Frameworks/UIKit.framework; sourceTree = SDKROOT; };
		072021FF194200EC00F15769 /* AlertMe-Info.plist */ = {isa = PBXFileReference; lastKnownFileType = text.plist.xml; path = "AlertMe-Info.plist"; sourceTree = "<group>"; };
		07202201194200EC00F15769 /* en */ = {isa = PBXFileReference; lastKnownFileType = text.plist.strings; name = en; path = en.lproj/InfoPlist.strings; sourceTree = "<group>"; };
		07202203194200EC00F15769 /* main.m */ = {isa = PBXFileReference; lastKnownFileType = sourcecode.c.objc; path = main.m; sourceTree = "<group>"; };
		07202205194200EC00F15769 /* AlertMe-Prefix.pch */ = {isa = PBXFileReference; lastKnownFileType = sourcecode.c.h; path = "AlertMe-Prefix.pch"; sourceTree = "<group>"; };
		07202206194200EC00F15769 /* AppDelegate.h */ = {isa = PBXFileReference; lastKnownFileType = sourcecode.c.h; path = AppDelegate.h; sourceTree = "<group>"; };
		07202207194200EC00F15769 /* AppDelegate.m */ = {isa = PBXFileReference; lastKnownFileType = sourcecode.c.objc; path = AppDelegate.m; sourceTree = "<group>"; };
		0720220A194200EC00F15769 /* Base */ = {isa = PBXFileReference; lastKnownFileType = file.storyboard; name = Base; path = Base.lproj/Main.storyboard; sourceTree = "<group>"; };
		0720220C194200EC00F15769 /* ViewController.h */ = {isa = PBXFileReference; lastKnownFileType = sourcecode.c.h; path = ViewController.h; sourceTree = "<group>"; };
		0720220D194200EC00F15769 /* ViewController.m */ = {isa = PBXFileReference; lastKnownFileType = sourcecode.c.objc; path = ViewController.m; sourceTree = "<group>"; };
		0720220F194200EC00F15769 /* Images.xcassets */ = {isa = PBXFileReference; lastKnownFileType = folder.assetcatalog; path = Images.xcassets; sourceTree = "<group>"; };
		07202215194200EC00F15769 /* AlertMeTests.xctest */ = {isa = PBXFileReference; explicitFileType = wrapper.cfbundle; includeInIndex = 0; path = AlertMeTests.xctest; sourceTree = BUILT_PRODUCTS_DIR; };
		07202216194200EC00F15769 /* XCTest.framework */ = {isa = PBXFileReference; lastKnownFileType = wrapper.framework; name = XCTest.framework; path = Library/Frameworks/XCTest.framework; sourceTree = DEVELOPER_DIR; };
		0720221E194200EC00F15769 /* AlertMeTests-Info.plist */ = {isa = PBXFileReference; lastKnownFileType = text.plist.xml; path = "AlertMeTests-Info.plist"; sourceTree = "<group>"; };
		07202220194200EC00F15769 /* en */ = {isa = PBXFileReference; lastKnownFileType = text.plist.strings; name = en; path = en.lproj/InfoPlist.strings; sourceTree = "<group>"; };
		07202222194200EC00F15769 /* AlertMeTests.m */ = {isa = PBXFileReference; lastKnownFileType = sourcecode.c.objc; path = AlertMeTests.m; sourceTree = "<group>"; };
/* End PBXFileReference section */

/* Begin PBXFrameworksBuildPhase section */
		072021F1194200EC00F15769 /* Frameworks */ = {
			isa = PBXFrameworksBuildPhase;
			buildActionMask = 2147483647;
			files = (
				072021FA194200EC00F15769 /* CoreGraphics.framework in Frameworks */,
				072021FC194200EC00F15769 /* UIKit.framework in Frameworks */,
				072021F8194200EC00F15769 /* Foundation.framework in Frameworks */,
			);
			runOnlyForDeploymentPostprocessing = 0;
		};
		07202212194200EC00F15769 /* Frameworks */ = {
			isa = PBXFrameworksBuildPhase;
			buildActionMask = 2147483647;
			files = (
				07202217194200EC00F15769 /* XCTest.framework in Frameworks */,
				07202219194200EC00F15769 /* UIKit.framework in Frameworks */,
				07202218194200EC00F15769 /* Foundation.framework in Frameworks */,
			);
			runOnlyForDeploymentPostprocessing = 0;
		};
/* End PBXFrameworksBuildPhase section */

/* Begin PBXGroup section */
		072021EB194200EC00F15769 = {
			isa = PBXGroup;
			children = (
				072021FD194200EC00F15769 /* AlertMe */,
				0720221C194200EC00F15769 /* AlertMeTests */,
				072021F6194200EC00F15769 /* Frameworks */,
				072021F5194200EC00F15769 /* Products */,
			);
			sourceTree = "<group>";
		};
		072021F5194200EC00F15769 /* Products */ = {
			isa = PBXGroup;
			children = (
				072021F4194200EC00F15769 /* AlertMe.app */,
				07202215194200EC00F15769 /* AlertMeTests.xctest */,
			);
			name = Products;
			sourceTree = "<group>";
		};
		072021F6194200EC00F15769 /* Frameworks */ = {
			isa = PBXGroup;
			children = (
				072021F7194200EC00F15769 /* Foundation.framework */,
				072021F9194200EC00F15769 /* CoreGraphics.framework */,
				072021FB194200EC00F15769 /* UIKit.framework */,
				07202216194200EC00F15769 /* XCTest.framework */,
			);
			name = Frameworks;
			sourceTree = "<group>";
		};
		072021FD194200EC00F15769 /* AlertMe */ = {
			isa = PBXGroup;
			children = (
				07202206194200EC00F15769 /* AppDelegate.h */,
				07202207194200EC00F15769 /* AppDelegate.m */,
				07202209194200EC00F15769 /* Main.storyboard */,
				0720220C194200EC00F15769 /* ViewController.h */,
				0720220D194200EC00F15769 /* ViewController.m */,
				0720220F194200EC00F15769 /* Images.xcassets */,
				072021FE194200EC00F15769 /* Supporting Files */,
			);
			path = AlertMe;
			sourceTree = "<group>";
		};
		072021FE194200EC00F15769 /* Supporting Files */ = {
			isa = PBXGroup;
			children = (
				072021FF194200EC00F15769 /* AlertMe-Info.plist */,
				07202200194200EC00F15769 /* InfoPlist.strings */,
				07202203194200EC00F15769 /* main.m */,
				07202205194200EC00F15769 /* AlertMe-Prefix.pch */,
			);
			name = "Supporting Files";
			sourceTree = "<group>";
		};
		0720221C194200EC00F15769 /* AlertMeTests */ = {
			isa = PBXGroup;
			children = (
				07202222194200EC00F15769 /* AlertMeTests.m */,
				0720221D194200EC00F15769 /* Supporting Files */,
			);
			path = AlertMeTests;
			sourceTree = "<group>";
		};
		0720221D194200EC00F15769 /* Supporting Files */ = {
			isa = PBXGroup;
			children = (
				0720221E194200EC00F15769 /* AlertMeTests-Info.plist */,
				0720221F194200EC00F15769 /* InfoPlist.strings */,
			);
			name = "Supporting Files";
			sourceTree = "<group>";
		};
/* End PBXGroup section */

/* Begin PBXNativeTarget section */
		072021F3194200EC00F15769 /* AlertMe */ = {
			isa = PBXNativeTarget;
			buildConfigurationList = 07202226194200EC00F15769 /* Build configuration list for PBXNativeTarget "AlertMe" */;
			buildPhases = (
				072021F0194200EC00F15769 /* Sources */,
				072021F1194200EC00F15769 /* Frameworks */,
				072021F2194200EC00F15769 /* Resources */,
			);
			buildRules = (
			);
			dependencies = (
			);
			name = AlertMe;
			productName = AlertMe;
			productReference = 072021F4194200EC00F15769 /* AlertMe.app */;
			productType = "com.apple.product-type.application";
		};
		07202214194200EC00F15769 /* AlertMeTests */ = {
			isa = PBXNativeTarget;
			buildConfigurationList = 07202229194200EC00F15769 /* Build configuration list for PBXNativeTarget "AlertMeTests" */;
			buildPhases = (
				07202211194200EC00F15769 /* Sources */,
				07202212194200EC00F15769 /* Frameworks */,
				07202213194200EC00F15769 /* Resources */,
			);
			buildRules = (
			);
			dependencies = (
				0720221B194200EC00F15769 /* PBXTargetDependency */,
			);
			name = AlertMeTests;
			productName = AlertMeTests;
			productReference = 07202215194200EC00F15769 /* AlertMeTests.xctest */;
			productType = "com.apple.product-type.bundle.unit-test";
		};
/* End PBXNativeTarget section */

/* Begin PBXProject section */
		072021EC194200EC00F15769 /* Project object */ = {
			isa = PBXProject;
			attributes = {
				LastUpgradeCheck = 0510;
				ORGANIZATIONNAME = "Neeraj Goel";
				TargetAttributes = {
					07202214194200EC00F15769 = {
						TestTargetID = 072021F3194200EC00F15769;
					};
				};
			};
			buildConfigurationList = 072021EF194200EC00F15769 /* Build configuration list for PBXProject "AlertMe" */;
			compatibilityVersion = "Xcode 3.2";
			developmentRegion = English;
			hasScannedForEncodings = 0;
			knownRegions = (
				en,
				Base,
			);
			mainGroup = 072021EB194200EC00F15769;
			productRefGroup = 072021F5194200EC00F15769 /* Products */;
			projectDirPath = "";
			projectRoot = "";
			targets = (
				072021F3194200EC00F15769 /* AlertMe */,
				07202214194200EC00F15769 /* AlertMeTests */,
			);
		};
/* End PBXProject section */

/* Begin PBXResourcesBuildPhase section */
		072021F2194200EC00F15769 /* Resources */ = {
			isa = PBXResourcesBuildPhase;
			buildActionMask = 2147483647;
			files = (
				07202210194200EC00F15769 /* Images.xcassets in Resources */,
				07202202194200EC00F15769 /* InfoPlist.strings in Resources */,
				0720220B194200EC00F15769 /* Main.storyboard in Resources */,
			);
			runOnlyForDeploymentPostprocessing = 0;
		};
		07202213194200EC00F15769 /* Resources */ = {
			isa = PBXResourcesBuildPhase;
			buildActionMask = 2147483647;
			files = (
				07202221194200EC00F15769 /* InfoPlist.strings in Resources */,
			);
			runOnlyForDeploymentPostprocessing = 0;
		};
/* End PBXResourcesBuildPhase section */

/* Begin PBXSourcesBuildPhase section */
		072021F0194200EC00F15769 /* Sources */ = {
			isa = PBXSourcesBuildPhase;
			buildActionMask = 2147483647;
			files = (
				0720220E194200EC00F15769 /* ViewController.m in Sources */,
				07202208194200EC00F15769 /* AppDelegate.m in Sources */,
				07202204194200EC00F15769 /* main.m in Sources */,
			);
			runOnlyForDeploymentPostprocessing = 0;
		};
		07202211194200EC00F15769 /* Sources */ = {
			isa = PBXSourcesBuildPhase;
			buildActionMask = 2147483647;
			files = (
				07202223194200EC00F15769 /* AlertMeTests.m in Sources */,
			);
			runOnlyForDeploymentPostprocessing = 0;
		};
/* End PBXSourcesBuildPhase section */

/* Begin PBXTargetDependency section */
		0720221B194200EC00F15769 /* PBXTargetDependency */ = {
			isa = PBXTargetDependency;
			target = 072021F3194200EC00F15769 /* AlertMe */;
			targetProxy = 0720221A194200EC00F15769 /* PBXContainerItemProxy */;
		};
/* End PBXTargetDependency section */

/* Begin PBXVariantGroup section */
		07202200194200EC00F15769 /* InfoPlist.strings */ = {
			isa = PBXVariantGroup;
			children = (
				07202201194200EC00F15769 /* en */,
			);
			name = InfoPlist.strings;
			sourceTree = "<group>";
		};
		07202209194200EC00F15769 /* Main.storyboard */ = {
			isa = PBXVariantGroup;
			children = (
				0720220A194200EC00F15769 /* Base */,
			);
			name = Main.storyboard;
			sourceTree = "<group>";
		};
		0720221F194200EC00F15769 /* InfoPlist.strings */ = {
			isa = PBXVariantGroup;
			children = (
				07202220194200EC00F15769 /* en */,
			);
			name = InfoPlist.strings;
			sourceTree = "<group>";
		};
/* End PBXVariantGroup section */

/* Begin XCBuildConfiguration section */
		07202224194200EC00F15769 /* Debug */ = {
			isa = XCBuildConfiguration;
			buildSettings = {
				ALWAYS_SEARCH_USER_PATHS = NO;
				CLANG_CXX_LANGUAGE_STANDARD = "gnu++0x";
				CLANG_CXX_LIBRARY = "libc++";
				CLANG_ENABLE_MODULES = YES;
				CLANG_ENABLE_OBJC_ARC = YES;
				CLANG_WARN_BOOL_CONVERSION = YES;
				CLANG_WARN_CONSTANT_CONVERSION = YES;
				CLANG_WARN_DIRECT_OBJC_ISA_USAGE = YES_ERROR;
				CLANG_WARN_EMPTY_BODY = YES;
				CLANG_WARN_ENUM_CONVERSION = YES;
				CLANG_WARN_INT_CONVERSION = YES;
				CLANG_WARN_OBJC_ROOT_CLASS = YES_ERROR;
				CLANG_WARN__DUPLICATE_METHOD_MATCH = YES;
				"CODE_SIGN_IDENTITY[sdk=iphoneos*]" = "iPhone Developer";
				COPY_PHASE_STRIP = NO;
				GCC_C_LANGUAGE_STANDARD = gnu99;
				GCC_DYNAMIC_NO_PIC = NO;
				GCC_OPTIMIZATION_LEVEL = 0;
				GCC_PREPROCESSOR_DEFINITIONS = (
					"DEBUG=1",
					"$(inherited)",
				);
				GCC_SYMBOLS_PRIVATE_EXTERN = NO;
				GCC_WARN_64_TO_32_BIT_CONVERSION = YES;
				GCC_WARN_ABOUT_RETURN_TYPE = YES_ERROR;
				GCC_WARN_UNDECLARED_SELECTOR = YES;
				GCC_WARN_UNINITIALIZED_AUTOS = YES_AGGRESSIVE;
				GCC_WARN_UNUSED_FUNCTION = YES;
				GCC_WARN_UNUSED_VARIABLE = YES;
				IPHONEOS_DEPLOYMENT_TARGET = 7.1;
				ONLY_ACTIVE_ARCH = YES;
				SDKROOT = iphoneos;
			};
			name = Debug;
		};
		07202225194200EC00F15769 /* Release */ = {
			isa = XCBuildConfiguration;
			buildSettings = {
				ALWAYS_SEARCH_USER_PATHS = NO;
				CLANG_CXX_LANGUAGE_STANDARD = "gnu++0x";
				CLANG_CXX_LIBRARY = "libc++";
				CLANG_ENABLE_MODULES = YES;
				CLANG_ENABLE_OBJC_ARC = YES;
				CLANG_WARN_BOOL_CONVERSION = YES;
				CLANG_WARN_CONSTANT_CONVERSION = YES;
				CLANG_WARN_DIRECT_OBJC_ISA_USAGE = YES_ERROR;
				CLANG_WARN_EMPTY_BODY = YES;
				CLANG_WARN_ENUM_CONVERSION = YES;
				CLANG_WARN_INT_CONVERSION = YES;
				CLANG_WARN_OBJC_ROOT_CLASS = YES_ERROR;
				CLANG_WARN__DUPLICATE_METHOD_MATCH = YES;
				"CODE_SIGN_IDENTITY[sdk=iphoneos*]" = "iPhone Developer";
				COPY_PHASE_STRIP = YES;
				ENABLE_NS_ASSERTIONS = NO;
				GCC_C_LANGUAGE_STANDARD = gnu99;
				GCC_WARN_64_TO_32_BIT_CONVERSION = YES;
				GCC_WARN_ABOUT_RETURN_TYPE = YES_ERROR;
				GCC_WARN_UNDECLARED_SELECTOR = YES;
				GCC_WARN_UNINITIALIZED_AUTOS = YES_AGGRESSIVE;
				GCC_WARN_UNUSED_FUNCTION = YES;
				GCC_WARN_UNUSED_VARIABLE = YES;
				IPHONEOS_DEPLOYMENT_TARGET = 7.1;
				SDKROOT = iphoneos;
				VALIDATE_PRODUCT = YES;
			};
			name = Release;
		};
		07202227194200EC00F15769 /* Debug */ = {
			isa = XCBuildConfiguration;
			buildSettings = {
				ASSETCATALOG_COMPILER_APPICON_NAME = AppIcon;
				ASSETCATALOG_COMPILER_LAUNCHIMAGE_NAME = LaunchImage;
				GCC_PRECOMPILE_PREFIX_HEADER = YES;
				GCC_PREFIX_HEADER = "AlertMe/AlertMe-Prefix.pch";
				INFOPLIST_FILE = "AlertMe/AlertMe-Info.plist";
				PRODUCT_NAME = "$(TARGET_NAME)";
				WRAPPER_EXTENSION = app;
			};
			name = Debug;
		};
		07202228194200EC00F15769 /* Release */ = {
			isa = XCBuildConfiguration;
			buildSettings = {
				ASSETCATALOG_COMPILER_APPICON_NAME = AppIcon;
				ASSETCATALOG_COMPILER_LAUNCHIMAGE_NAME = LaunchImage;
				GCC_PRECOMPILE_PREFIX_HEADER = YES;
				GCC_PREFIX_HEADER = "AlertMe/AlertMe-Prefix.pch";
				INFOPLIST_FILE = "AlertMe/AlertMe-Info.plist";
				PRODUCT_NAME = "$(TARGET_NAME)";
				WRAPPER_EXTENSION = app;
			};
			name = Release;
		};
		0720222A194200EC00F15769 /* Debug */ = {
			isa = XCBuildConfiguration;
			buildSettings = {
				BUNDLE_LOADER = "$(BUILT_PRODUCTS_DIR)/AlertMe.app/AlertMe";
				FRAMEWORK_SEARCH_PATHS = (
					"$(SDKROOT)/Developer/Library/Frameworks",
					"$(inherited)",
					"$(DEVELOPER_FRAMEWORKS_DIR)",
				);
				GCC_PRECOMPILE_PREFIX_HEADER = YES;
				GCC_PREFIX_HEADER = "AlertMe/AlertMe-Prefix.pch";
				GCC_PREPROCESSOR_DEFINITIONS = (
					"DEBUG=1",
					"$(inherited)",
				);
				INFOPLIST_FILE = "AlertMeTests/AlertMeTests-Info.plist";
				PRODUCT_NAME = "$(TARGET_NAME)";
				TEST_HOST = "$(BUNDLE_LOADER)";
				WRAPPER_EXTENSION = xctest;
			};
			name = Debug;
		};
		0720222B194200EC00F15769 /* Release */ = {
			isa = XCBuildConfiguration;
			buildSettings = {
				BUNDLE_LOADER = "$(BUILT_PRODUCTS_DIR)/AlertMe.app/AlertMe";
				FRAMEWORK_SEARCH_PATHS = (
					"$(SDKROOT)/Developer/Library/Frameworks",
					"$(inherited)",
					"$(DEVELOPER_FRAMEWORKS_DIR)",
				);
				GCC_PRECOMPILE_PREFIX_HEADER = YES;
				GCC_PREFIX_HEADER = "AlertMe/AlertMe-Prefix.pch";
				INFOPLIST_FILE = "AlertMeTests/AlertMeTests-Info.plist";
				PRODUCT_NAME = "$(TARGET_NAME)";
				TEST_HOST = "$(BUNDLE_LOADER)";
				WRAPPER_EXTENSION = xctest;
			};
			name = Release;
		};
/* End XCBuildConfiguration section */

/* Begin XCConfigurationList section */
		072021EF194200EC00F15769 /* Build configuration list for PBXProject "AlertMe" */ = {
			isa = XCConfigurationList;
			buildConfigurations = (
				07202224194200EC00F15769 /* Debug */,
				07202225194200EC00F15769 /* Release */,
			);
			defaultConfigurationIsVisible = 0;
			defaultConfigurationName = Release;
		};
		07202226194200EC00F15769 /* Build configuration list for PBXNativeTarget "AlertMe" */ = {
			isa = XCConfigurationList;
			buildConfigurations = (
				07202227194200EC00F15769 /* Debug */,
				07202228194200EC00F15769 /* Release */,
			);
			defaultConfigurationIsVisible = 0;
		};
		07202229194200EC00F15769 /* Build configuration list for PBXNativeTarget "AlertMeTests" */ = {
			isa = XCConfigurationList;
			buildConfigurations = (
				0720222A194200EC00F15769 /* Debug */,
				0720222B194200EC00F15769 /* Release */,
			);
			defaultConfigurationIsVisible = 0;
		};
/* End XCConfigurationList section */
	};
	rootObject = 072021EC194200EC00F15769 /* Project object */;
}
