// !$*UTF8*$!
{
	archiveVersion = 1;
	classes = {
	};
	objectVersion = 46;
	objects = {

/* Begin PBXBuildFile section */
		072023CA19430DEA00F15769 /* Foundation.framework in Frameworks */ = {isa = PBXBuildFile; fileRef = 072023C919430DEA00F15769 /* Foundation.framework */; };
		072023CC19430DEA00F15769 /* CoreGraphics.framework in Frameworks */ = {isa = PBXBuildFile; fileRef = 072023CB19430DEA00F15769 /* CoreGraphics.framework */; };
		072023CE19430DEA00F15769 /* UIKit.framework in Frameworks */ = {isa = PBXBuildFile; fileRef = 072023CD19430DEA00F15769 /* UIKit.framework */; };
		072023D419430DEA00F15769 /* InfoPlist.strings in Resources */ = {isa = PBXBuildFile; fileRef = 072023D219430DEA00F15769 /* InfoPlist.strings */; };
		072023D619430DEA00F15769 /* main.m in Sources */ = {isa = PBXBuildFile; fileRef = 072023D519430DEA00F15769 /* main.m */; };
		072023DA19430DEA00F15769 /* AppDelegate.m in Sources */ = {isa = PBXBuildFile; fileRef = 072023D919430DEA00F15769 /* AppDelegate.m */; };
		072023DD19430DEA00F15769 /* Main.storyboard in Resources */ = {isa = PBXBuildFile; fileRef = 072023DB19430DEA00F15769 /* Main.storyboard */; };
		072023E019430DEA00F15769 /* MasterViewController.m in Sources */ = {isa = PBXBuildFile; fileRef = 072023DF19430DEA00F15769 /* MasterViewController.m */; };
		072023E319430DEA00F15769 /* DetailViewController.m in Sources */ = {isa = PBXBuildFile; fileRef = 072023E219430DEA00F15769 /* DetailViewController.m */; };
		072023E519430DEA00F15769 /* Images.xcassets in Resources */ = {isa = PBXBuildFile; fileRef = 072023E419430DEA00F15769 /* Images.xcassets */; };
		072023EC19430DEA00F15769 /* XCTest.framework in Frameworks */ = {isa = PBXBuildFile; fileRef = 072023EB19430DEA00F15769 /* XCTest.framework */; };
		072023ED19430DEA00F15769 /* Foundation.framework in Frameworks */ = {isa = PBXBuildFile; fileRef = 072023C919430DEA00F15769 /* Foundation.framework */; };
		072023EE19430DEA00F15769 /* UIKit.framework in Frameworks */ = {isa = PBXBuildFile; fileRef = 072023CD19430DEA00F15769 /* UIKit.framework */; };
		072023F619430DEA00F15769 /* InfoPlist.strings in Resources */ = {isa = PBXBuildFile; fileRef = 072023F419430DEA00F15769 /* InfoPlist.strings */; };
		072023F819430DEA00F15769 /* MasterDetailExampleTests.m in Sources */ = {isa = PBXBuildFile; fileRef = 072023F719430DEA00F15769 /* MasterDetailExampleTests.m */; };
/* End PBXBuildFile section */

/* Begin PBXContainerItemProxy section */
		072023EF19430DEA00F15769 /* PBXContainerItemProxy */ = {
			isa = PBXContainerItemProxy;
			containerPortal = 072023BE19430DEA00F15769 /* Project object */;
			proxyType = 1;
			remoteGlobalIDString = 072023C519430DEA00F15769;
			remoteInfo = MasterDetailExample;
		};
/* End PBXContainerItemProxy section */

/* Begin PBXFileReference section */
		072023C619430DEA00F15769 /* MasterDetailExample.app */ = {isa = PBXFileReference; explicitFileType = wrapper.application; includeInIndex = 0; path = MasterDetailExample.app; sourceTree = BUILT_PRODUCTS_DIR; };
		072023C919430DEA00F15769 /* Foundation.framework */ = {isa = PBXFileReference; lastKnownFileType = wrapper.framework; name = Foundation.framework; path = System/Library/Frameworks/Foundation.framework; sourceTree = SDKROOT; };
		072023CB19430DEA00F15769 /* CoreGraphics.framework */ = {isa = PBXFileReference; lastKnownFileType = wrapper.framework; name = CoreGraphics.framework; path = System/Library/Frameworks/CoreGraphics.framework; sourceTree = SDKROOT; };
		072023CD19430DEA00F15769 /* UIKit.framework */ = {isa = PBXFileReference; lastKnownFileType = wrapper.framework; name = UIKit.framework; path = System/Library/Frameworks/UIKit.framework; sourceTree = SDKROOT; };
		072023D119430DEA00F15769 /* MasterDetailExample-Info.plist */ = {isa = PBXFileReference; lastKnownFileType = text.plist.xml; path = "MasterDetailExample-Info.plist"; sourceTree = "<group>"; };
		072023D319430DEA00F15769 /* en */ = {isa = PBXFileReference; lastKnownFileType = text.plist.strings; name = en; path = en.lproj/InfoPlist.strings; sourceTree = "<group>"; };
		072023D519430DEA00F15769 /* main.m */ = {isa = PBXFileReference; lastKnownFileType = sourcecode.c.objc; path = main.m; sourceTree = "<group>"; };
		072023D719430DEA00F15769 /* MasterDetailExample-Prefix.pch */ = {isa = PBXFileReference; lastKnownFileType = sourcecode.c.h; path = "MasterDetailExample-Prefix.pch"; sourceTree = "<group>"; };
		072023D819430DEA00F15769 /* AppDelegate.h */ = {isa = PBXFileReference; lastKnownFileType = sourcecode.c.h; path = AppDelegate.h; sourceTree = "<group>"; };
		072023D919430DEA00F15769 /* AppDelegate.m */ = {isa = PBXFileReference; lastKnownFileType = sourcecode.c.objc; path = AppDelegate.m; sourceTree = "<group>"; };
		072023DC19430DEA00F15769 /* Base */ = {isa = PBXFileReference; lastKnownFileType = file.storyboard; name = Base; path = Base.lproj/Main.storyboard; sourceTree = "<group>"; };
		072023DE19430DEA00F15769 /* MasterViewController.h */ = {isa = PBXFileReference; lastKnownFileType = sourcecode.c.h; path = MasterViewController.h; sourceTree = "<group>"; };
		072023DF19430DEA00F15769 /* MasterViewController.m */ = {isa = PBXFileReference; lastKnownFileType = sourcecode.c.objc; path = MasterViewController.m; sourceTree = "<group>"; };
		072023E119430DEA00F15769 /* DetailViewController.h */ = {isa = PBXFileReference; lastKnownFileType = sourcecode.c.h; path = DetailViewController.h; sourceTree = "<group>"; };
		072023E219430DEA00F15769 /* DetailViewController.m */ = {isa = PBXFileReference; lastKnownFileType = sourcecode.c.objc; path = DetailViewController.m; sourceTree = "<group>"; };
		072023E419430DEA00F15769 /* Images.xcassets */ = {isa = PBXFileReference; lastKnownFileType = folder.assetcatalog; path = Images.xcassets; sourceTree = "<group>"; };
		072023EA19430DEA00F15769 /* MasterDetailExampleTests.xctest */ = {isa = PBXFileReference; explicitFileType = wrapper.cfbundle; includeInIndex = 0; path = MasterDetailExampleTests.xctest; sourceTree = BUILT_PRODUCTS_DIR; };
		072023EB19430DEA00F15769 /* XCTest.framework */ = {isa = PBXFileReference; lastKnownFileType = wrapper.framework; name = XCTest.framework; path = Library/Frameworks/XCTest.framework; sourceTree = DEVELOPER_DIR; };
		072023F319430DEA00F15769 /* MasterDetailExampleTests-Info.plist */ = {isa = PBXFileReference; lastKnownFileType = text.plist.xml; path = "MasterDetailExampleTests-Info.plist"; sourceTree = "<group>"; };
		072023F519430DEA00F15769 /* en */ = {isa = PBXFileReference; lastKnownFileType = text.plist.strings; name = en; path = en.lproj/InfoPlist.strings; sourceTree = "<group>"; };
		072023F719430DEA00F15769 /* MasterDetailExampleTests.m */ = {isa = PBXFileReference; lastKnownFileType = sourcecode.c.objc; path = MasterDetailExampleTests.m; sourceTree = "<group>"; };
/* End PBXFileReference section */

/* Begin PBXFrameworksBuildPhase section */
		072023C319430DEA00F15769 /* Frameworks */ = {
			isa = PBXFrameworksBuildPhase;
			buildActionMask = 2147483647;
			files = (
				072023CC19430DEA00F15769 /* CoreGraphics.framework in Frameworks */,
				072023CE19430DEA00F15769 /* UIKit.framework in Frameworks */,
				072023CA19430DEA00F15769 /* Foundation.framework in Frameworks */,
			);
			runOnlyForDeploymentPostprocessing = 0;
		};
		072023E719430DEA00F15769 /* Frameworks */ = {
			isa = PBXFrameworksBuildPhase;
			buildActionMask = 2147483647;
			files = (
				072023EC19430DEA00F15769 /* XCTest.framework in Frameworks */,
				072023EE19430DEA00F15769 /* UIKit.framework in Frameworks */,
				072023ED19430DEA00F15769 /* Foundation.framework in Frameworks */,
			);
			runOnlyForDeploymentPostprocessing = 0;
		};
/* End PBXFrameworksBuildPhase section */

/* Begin PBXGroup section */
		072023BD19430DEA00F15769 = {
			isa = PBXGroup;
			children = (
				072023CF19430DEA00F15769 /* MasterDetailExample */,
				072023F119430DEA00F15769 /* MasterDetailExampleTests */,
				072023C819430DEA00F15769 /* Frameworks */,
				072023C719430DEA00F15769 /* Products */,
			);
			sourceTree = "<group>";
		};
		072023C719430DEA00F15769 /* Products */ = {
			isa = PBXGroup;
			children = (
				072023C619430DEA00F15769 /* MasterDetailExample.app */,
				072023EA19430DEA00F15769 /* MasterDetailExampleTests.xctest */,
			);
			name = Products;
			sourceTree = "<group>";
		};
		072023C819430DEA00F15769 /* Frameworks */ = {
			isa = PBXGroup;
			children = (
				072023C919430DEA00F15769 /* Foundation.framework */,
				072023CB19430DEA00F15769 /* CoreGraphics.framework */,
				072023CD19430DEA00F15769 /* UIKit.framework */,
				072023EB19430DEA00F15769 /* XCTest.framework */,
			);
			name = Frameworks;
			sourceTree = "<group>";
		};
		072023CF19430DEA00F15769 /* MasterDetailExample */ = {
			isa = PBXGroup;
			children = (
				072023D819430DEA00F15769 /* AppDelegate.h */,
				072023D919430DEA00F15769 /* AppDelegate.m */,
				072023DB19430DEA00F15769 /* Main.storyboard */,
				072023DE19430DEA00F15769 /* MasterViewController.h */,
				072023DF19430DEA00F15769 /* MasterViewController.m */,
				072023E119430DEA00F15769 /* DetailViewController.h */,
				072023E219430DEA00F15769 /* DetailViewController.m */,
				072023E419430DEA00F15769 /* Images.xcassets */,
				072023D019430DEA00F15769 /* Supporting Files */,
			);
			path = MasterDetailExample;
			sourceTree = "<group>";
		};
		072023D019430DEA00F15769 /* Supporting Files */ = {
			isa = PBXGroup;
			children = (
				072023D119430DEA00F15769 /* MasterDetailExample-Info.plist */,
				072023D219430DEA00F15769 /* InfoPlist.strings */,
				072023D519430DEA00F15769 /* main.m */,
				072023D719430DEA00F15769 /* MasterDetailExample-Prefix.pch */,
			);
			name = "Supporting Files";
			sourceTree = "<group>";
		};
		072023F119430DEA00F15769 /* MasterDetailExampleTests */ = {
			isa = PBXGroup;
			children = (
				072023F719430DEA00F15769 /* MasterDetailExampleTests.m */,
				072023F219430DEA00F15769 /* Supporting Files */,
			);
			path = MasterDetailExampleTests;
			sourceTree = "<group>";
		};
		072023F219430DEA00F15769 /* Supporting Files */ = {
			isa = PBXGroup;
			children = (
				072023F319430DEA00F15769 /* MasterDetailExampleTests-Info.plist */,
				072023F419430DEA00F15769 /* InfoPlist.strings */,
			);
			name = "Supporting Files";
			sourceTree = "<group>";
		};
/* End PBXGroup section */

/* Begin PBXNativeTarget section */
		072023C519430DEA00F15769 /* MasterDetailExample */ = {
			isa = PBXNativeTarget;
			buildConfigurationList = 072023FB19430DEA00F15769 /* Build configuration list for PBXNativeTarget "MasterDetailExample" */;
			buildPhases = (
				072023C219430DEA00F15769 /* Sources */,
				072023C319430DEA00F15769 /* Frameworks */,
				072023C419430DEA00F15769 /* Resources */,
			);
			buildRules = (
			);
			dependencies = (
			);
			name = MasterDetailExample;
			productName = MasterDetailExample;
			productReference = 072023C619430DEA00F15769 /* MasterDetailExample.app */;
			productType = "com.apple.product-type.application";
		};
		072023E919430DEA00F15769 /* MasterDetailExampleTests */ = {
			isa = PBXNativeTarget;
			buildConfigurationList = 072023FE19430DEA00F15769 /* Build configuration list for PBXNativeTarget "MasterDetailExampleTests" */;
			buildPhases = (
				072023E619430DEA00F15769 /* Sources */,
				072023E719430DEA00F15769 /* Frameworks */,
				072023E819430DEA00F15769 /* Resources */,
			);
			buildRules = (
			);
			dependencies = (
				072023F019430DEA00F15769 /* PBXTargetDependency */,
			);
			name = MasterDetailExampleTests;
			productName = MasterDetailExampleTests;
			productReference = 072023EA19430DEA00F15769 /* MasterDetailExampleTests.xctest */;
			productType = "com.apple.product-type.bundle.unit-test";
		};
/* End PBXNativeTarget section */

/* Begin PBXProject section */
		072023BE19430DEA00F15769 /* Project object */ = {
			isa = PBXProject;
			attributes = {
				LastUpgradeCheck = 0510;
				ORGANIZATIONNAME = "Neeraj Goel";
				TargetAttributes = {
					072023E919430DEA00F15769 = {
						TestTargetID = 072023C519430DEA00F15769;
					};
				};
			};
			buildConfigurationList = 072023C119430DEA00F15769 /* Build configuration list for PBXProject "MasterDetailExample" */;
			compatibilityVersion = "Xcode 3.2";
			developmentRegion = English;
			hasScannedForEncodings = 0;
			knownRegions = (
				en,
				Base,
			);
			mainGroup = 072023BD19430DEA00F15769;
			productRefGroup = 072023C719430DEA00F15769 /* Products */;
			projectDirPath = "";
			projectRoot = "";
			targets = (
				072023C519430DEA00F15769 /* MasterDetailExample */,
				072023E919430DEA00F15769 /* MasterDetailExampleTests */,
			);
		};
/* End PBXProject section */

/* Begin PBXResourcesBuildPhase section */
		072023C419430DEA00F15769 /* Resources */ = {
			isa = PBXResourcesBuildPhase;
			buildActionMask = 2147483647;
			files = (
				072023E519430DEA00F15769 /* Images.xcassets in Resources */,
				072023D419430DEA00F15769 /* InfoPlist.strings in Resources */,
				072023DD19430DEA00F15769 /* Main.storyboard in Resources */,
			);
			runOnlyForDeploymentPostprocessing = 0;
		};
		072023E819430DEA00F15769 /* Resources */ = {
			isa = PBXResourcesBuildPhase;
			buildActionMask = 2147483647;
			files = (
				072023F619430DEA00F15769 /* InfoPlist.strings in Resources */,
			);
			runOnlyForDeploymentPostprocessing = 0;
		};
/* End PBXResourcesBuildPhase section */

/* Begin PBXSourcesBuildPhase section */
		072023C219430DEA00F15769 /* Sources */ = {
			isa = PBXSourcesBuildPhase;
			buildActionMask = 2147483647;
			files = (
				072023DA19430DEA00F15769 /* AppDelegate.m in Sources */,
				072023E019430DEA00F15769 /* MasterViewController.m in Sources */,
				072023D619430DEA00F15769 /* main.m in Sources */,
				072023E319430DEA00F15769 /* DetailViewController.m in Sources */,
			);
			runOnlyForDeploymentPostprocessing = 0;
		};
		072023E619430DEA00F15769 /* Sources */ = {
			isa = PBXSourcesBuildPhase;
			buildActionMask = 2147483647;
			files = (
				072023F819430DEA00F15769 /* MasterDetailExampleTests.m in Sources */,
			);
			runOnlyForDeploymentPostprocessing = 0;
		};
/* End PBXSourcesBuildPhase section */

/* Begin PBXTargetDependency section */
		072023F019430DEA00F15769 /* PBXTargetDependency */ = {
			isa = PBXTargetDependency;
			target = 072023C519430DEA00F15769 /* MasterDetailExample */;
			targetProxy = 072023EF19430DEA00F15769 /* PBXContainerItemProxy */;
		};
/* End PBXTargetDependency section */

/* Begin PBXVariantGroup section */
		072023D219430DEA00F15769 /* InfoPlist.strings */ = {
			isa = PBXVariantGroup;
			children = (
				072023D319430DEA00F15769 /* en */,
			);
			name = InfoPlist.strings;
			sourceTree = "<group>";
		};
		072023DB19430DEA00F15769 /* Main.storyboard */ = {
			isa = PBXVariantGroup;
			children = (
				072023DC19430DEA00F15769 /* Base */,
			);
			name = Main.storyboard;
			sourceTree = "<group>";
		};
		072023F419430DEA00F15769 /* InfoPlist.strings */ = {
			isa = PBXVariantGroup;
			children = (
				072023F519430DEA00F15769 /* en */,
			);
			name = InfoPlist.strings;
			sourceTree = "<group>";
		};
/* End PBXVariantGroup section */

/* Begin XCBuildConfiguration section */
		072023F919430DEA00F15769 /* Debug */ = {
			isa = XCBuildConfiguration;
			buildSettings = {
				ALWAYS_SEARCH_USER_PATHS = NO;
				CLANG_CXX_LANGUAGE_STANDARD = "gnu++0x";
				CLANG_CXX_LIBRARY = "libc++";
				CLANG_ENABLE_MODULES = YES;
				CLANG_ENABLE_OBJC_ARC = YES;
				CLANG_WARN_BOOL_CONVERSION = YES;
				CLANG_WARN_CONSTANT_CONVERSION = YES;
				CLANG_WARN_DIRECT_OBJC_ISA_USAGE = YES_ERROR;
				CLANG_WARN_EMPTY_BODY = YES;
				CLANG_WARN_ENUM_CONVERSION = YES;
				CLANG_WARN_INT_CONVERSION = YES;
				CLANG_WARN_OBJC_ROOT_CLASS = YES_ERROR;
				CLANG_WARN__DUPLICATE_METHOD_MATCH = YES;
				"CODE_SIGN_IDENTITY[sdk=iphoneos*]" = "iPhone Developer";
				COPY_PHASE_STRIP = NO;
				GCC_C_LANGUAGE_STANDARD = gnu99;
				GCC_DYNAMIC_NO_PIC = NO;
				GCC_OPTIMIZATION_LEVEL = 0;
				GCC_PREPROCESSOR_DEFINITIONS = (
					"DEBUG=1",
					"$(inherited)",
				);
				GCC_SYMBOLS_PRIVATE_EXTERN = NO;
				GCC_WARN_64_TO_32_BIT_CONVERSION = YES;
				GCC_WARN_ABOUT_RETURN_TYPE = YES_ERROR;
				GCC_WARN_UNDECLARED_SELECTOR = YES;
				GCC_WARN_UNINITIALIZED_AUTOS = YES_AGGRESSIVE;
				GCC_WARN_UNUSED_FUNCTION = YES;
				GCC_WARN_UNUSED_VARIABLE = YES;
				IPHONEOS_DEPLOYMENT_TARGET = 7.1;
				ONLY_ACTIVE_ARCH = YES;
				SDKROOT = iphoneos;
			};
			name = Debug;
		};
		072023FA19430DEA00F15769 /* Release */ = {
			isa = XCBuildConfiguration;
			buildSettings = {
				ALWAYS_SEARCH_USER_PATHS = NO;
				CLANG_CXX_LANGUAGE_STANDARD = "gnu++0x";
				CLANG_CXX_LIBRARY = "libc++";
				CLANG_ENABLE_MODULES = YES;
				CLANG_ENABLE_OBJC_ARC = YES;
				CLANG_WARN_BOOL_CONVERSION = YES;
				CLANG_WARN_CONSTANT_CONVERSION = YES;
				CLANG_WARN_DIRECT_OBJC_ISA_USAGE = YES_ERROR;
				CLANG_WARN_EMPTY_BODY = YES;
				CLANG_WARN_ENUM_CONVERSION = YES;
				CLANG_WARN_INT_CONVERSION = YES;
				CLANG_WARN_OBJC_ROOT_CLASS = YES_ERROR;
				CLANG_WARN__DUPLICATE_METHOD_MATCH = YES;
				"CODE_SIGN_IDENTITY[sdk=iphoneos*]" = "iPhone Developer";
				COPY_PHASE_STRIP = YES;
				ENABLE_NS_ASSERTIONS = NO;
				GCC_C_LANGUAGE_STANDARD = gnu99;
				GCC_WARN_64_TO_32_BIT_CONVERSION = YES;
				GCC_WARN_ABOUT_RETURN_TYPE = YES_ERROR;
				GCC_WARN_UNDECLARED_SELECTOR = YES;
				GCC_WARN_UNINITIALIZED_AUTOS = YES_AGGRESSIVE;
				GCC_WARN_UNUSED_FUNCTION = YES;
				GCC_WARN_UNUSED_VARIABLE = YES;
				IPHONEOS_DEPLOYMENT_TARGET = 7.1;
				SDKROOT = iphoneos;
				VALIDATE_PRODUCT = YES;
			};
			name = Release;
		};
		072023FC19430DEA00F15769 /* Debug */ = {
			isa = XCBuildConfiguration;
			buildSettings = {
				ASSETCATALOG_COMPILER_APPICON_NAME = AppIcon;
				ASSETCATALOG_COMPILER_LAUNCHIMAGE_NAME = LaunchImage;
				GCC_PRECOMPILE_PREFIX_HEADER = YES;
				GCC_PREFIX_HEADER = "MasterDetailExample/MasterDetailExample-Prefix.pch";
				INFOPLIST_FILE = "MasterDetailExample/MasterDetailExample-Info.plist";
				PRODUCT_NAME = "$(TARGET_NAME)";
				WRAPPER_EXTENSION = app;
			};
			name = Debug;
		};
		072023FD19430DEA00F15769 /* Release */ = {
			isa = XCBuildConfiguration;
			buildSettings = {
				ASSETCATALOG_COMPILER_APPICON_NAME = AppIcon;
				ASSETCATALOG_COMPILER_LAUNCHIMAGE_NAME = LaunchImage;
				GCC_PRECOMPILE_PREFIX_HEADER = YES;
				GCC_PREFIX_HEADER = "MasterDetailExample/MasterDetailExample-Prefix.pch";
				INFOPLIST_FILE = "MasterDetailExample/MasterDetailExample-Info.plist";
				PRODUCT_NAME = "$(TARGET_NAME)";
				WRAPPER_EXTENSION = app;
			};
			name = Release;
		};
		072023FF19430DEA00F15769 /* Debug */ = {
			isa = XCBuildConfiguration;
			buildSettings = {
				BUNDLE_LOADER = "$(BUILT_PRODUCTS_DIR)/MasterDetailExample.app/MasterDetailExample";
				FRAMEWORK_SEARCH_PATHS = (
					"$(SDKROOT)/Developer/Library/Frameworks",
					"$(inherited)",
					"$(DEVELOPER_FRAMEWORKS_DIR)",
				);
				GCC_PRECOMPILE_PREFIX_HEADER = YES;
				GCC_PREFIX_HEADER = "MasterDetailExample/MasterDetailExample-Prefix.pch";
				GCC_PREPROCESSOR_DEFINITIONS = (
					"DEBUG=1",
					"$(inherited)",
				);
				INFOPLIST_FILE = "MasterDetailExampleTests/MasterDetailExampleTests-Info.plist";
				PRODUCT_NAME = "$(TARGET_NAME)";
				TEST_HOST = "$(BUNDLE_LOADER)";
				WRAPPER_EXTENSION = xctest;
			};
			name = Debug;
		};
		0720240019430DEA00F15769 /* Release */ = {
			isa = XCBuildConfiguration;
			buildSettings = {
				BUNDLE_LOADER = "$(BUILT_PRODUCTS_DIR)/MasterDetailExample.app/MasterDetailExample";
				FRAMEWORK_SEARCH_PATHS = (
					"$(SDKROOT)/Developer/Library/Frameworks",
					"$(inherited)",
					"$(DEVELOPER_FRAMEWORKS_DIR)",
				);
				GCC_PRECOMPILE_PREFIX_HEADER = YES;
				GCC_PREFIX_HEADER = "MasterDetailExample/MasterDetailExample-Prefix.pch";
				INFOPLIST_FILE = "MasterDetailExampleTests/MasterDetailExampleTests-Info.plist";
				PRODUCT_NAME = "$(TARGET_NAME)";
				TEST_HOST = "$(BUNDLE_LOADER)";
				WRAPPER_EXTENSION = xctest;
			};
			name = Release;
		};
/* End XCBuildConfiguration section */

/* Begin XCConfigurationList section */
		072023C119430DEA00F15769 /* Build configuration list for PBXProject "MasterDetailExample" */ = {
			isa = XCConfigurationList;
			buildConfigurations = (
				072023F919430DEA00F15769 /* Debug */,
				072023FA19430DEA00F15769 /* Release */,
			);
			defaultConfigurationIsVisible = 0;
			defaultConfigurationName = Release;
		};
		072023FB19430DEA00F15769 /* Build configuration list for PBXNativeTarget "MasterDetailExample" */ = {
			isa = XCConfigurationList;
			buildConfigurations = (
				072023FC19430DEA00F15769 /* Debug */,
				072023FD19430DEA00F15769 /* Release */,
			);
			defaultConfigurationIsVisible = 0;
		};
		072023FE19430DEA00F15769 /* Build configuration list for PBXNativeTarget "MasterDetailExampleTests" */ = {
			isa = XCConfigurationList;
			buildConfigurations = (
				072023FF19430DEA00F15769 /* Debug */,
				0720240019430DEA00F15769 /* Release */,
			);
			defaultConfigurationIsVisible = 0;
		};
/* End XCConfigurationList section */
	};
	rootObject = 072023BE19430DEA00F15769 /* Project object */;
}
